GEM
  remote: http://rubygems.org/
  specs:
    git (1.2.5)
    jeweler (1.8.4)
      bundler (~> 1.0)
      git (>= 1.2.5)
      rake
      rdoc
    json (1.7.7)
    rack (1.4.5)
    rake (10.0.3)
    rdoc (3.12.1)
      json (~> 1.4)

PLATFORMS
  ruby

DEPENDENCIES
  bundler
  jeweler
  rack (~> 1.4.5)
